
Microsoft Visual Studio Solution File, Format Version 12.00
# Visual Studio Version 17
VisualStudioVersion = 17.6.33723.286
MinimumVisualStudioVersion = 10.0.40219.1
Project("{FAE04EC0-301F-11D3-BF4B-00C04F79EFBC}") = "System_Cadastro", "System_Cadastro.csproj", "{28B79376-B7EA-49A4-A6A4-6610C4167916}"
EndProject
Global
	GlobalSection(SolutionConfigurationPlatforms) = preSolution
		Debug|Any CPU = Debug|Any CPU
		Release|Any CPU = Release|Any CPU
	EndGlobalSection
	GlobalSection(ProjectConfigurationPlatforms) = postSolution
		{28B79376-B7EA-49A4-A6A4-6610C4167916}.Debug|Any CPU.ActiveCfg = Debug|Any CPU
		{28B79376-B7EA-49A4-A6A4-6610C4167916}.Debug|Any CPU.Build.0 = Debug|Any CPU
		{28B79376-B7EA-49A4-A6A4-6610C4167916}.Release|Any CPU.ActiveCfg = Release|Any CPU
		{28B79376-B7EA-49A4-A6A4-6610C4167916}.Release|Any CPU.Build.0 = Release|Any CPU
	EndGlobalSection
	GlobalSection(SolutionProperties) = preSolution
		HideSolutionNode = FALSE
	EndGlobalSection
	GlobalSection(ExtensibilityGlobals) = postSolution
		SolutionGuid = {5E491D4D-5DB9-4F3E-9D34-A15F36C30C4A}
	EndGlobalSection
EndGlobal
